
Microsoft Visual Studio Solution File, Format Version 12.00
# Visual Studio Version 17
VisualStudioVersion = 17.8.34601.278
MinimumVisualStudioVersion = 10.0.40219.1
Project("{FAE04EC0-301F-11D3-BF4B-00C04F79EFBC}") = "MyFirstDapper", "MyFirstDapper\MyFirstDapper.csproj", "{B49F40F0-1E5C-4C8C-900C-5D2635D5B05D}"
EndProject
Project("{FAE04EC0-301F-11D3-BF4B-00C04F79EFBC}") = "MyFirstApi", "MyFirstApi\MyFirstApi.csproj", "{AB8D8FB8-EEB8-4832-B4D6-7C332512BC80}"
EndProject
Global
	GlobalSection(SolutionConfigurationPlatforms) = preSolution
		Debug|Any CPU = Debug|Any CPU
		Release|Any CPU = Release|Any CPU
	EndGlobalSection
	GlobalSection(ProjectConfigurationPlatforms) = postSolution
		{B49F40F0-1E5C-4C8C-900C-5D2635D5B05D}.Debug|Any CPU.ActiveCfg = Debug|Any CPU
		{B49F40F0-1E5C-4C8C-900C-5D2635D5B05D}.Debug|Any CPU.Build.0 = Debug|Any CPU
		{B49F40F0-1E5C-4C8C-900C-5D2635D5B05D}.Release|Any CPU.ActiveCfg = Release|Any CPU
		{B49F40F0-1E5C-4C8C-900C-5D2635D5B05D}.Release|Any CPU.Build.0 = Release|Any CPU
		{AB8D8FB8-EEB8-4832-B4D6-7C332512BC80}.Debug|Any CPU.ActiveCfg = Debug|Any CPU
		{AB8D8FB8-EEB8-4832-B4D6-7C332512BC80}.Debug|Any CPU.Build.0 = Debug|Any CPU
		{AB8D8FB8-EEB8-4832-B4D6-7C332512BC80}.Release|Any CPU.ActiveCfg = Release|Any CPU
		{AB8D8FB8-EEB8-4832-B4D6-7C332512BC80}.Release|Any CPU.Build.0 = Release|Any CPU
	EndGlobalSection
	GlobalSection(SolutionProperties) = preSolution
		HideSolutionNode = FALSE
	EndGlobalSection
	GlobalSection(ExtensibilityGlobals) = postSolution
		SolutionGuid = {91B19DEA-0BA9-4088-943F-A8AE1C124412}
	EndGlobalSection
EndGlobal
